// !$*UTF8*$!
{
	archiveVersion = 1;
	classes = {
	};
	objectVersion = 50;
	objects = {

/* Begin PBXBuildFile section */
		14B422C6266297E600199B6E /* AppDelegate.swift in Sources */ = {isa = PBXBuildFile; fileRef = 14B422C5266297E600199B6E /* AppDelegate.swift */; };
		14B422C8266297E600199B6E /* SceneDelegate.swift in Sources */ = {isa = PBXBuildFile; fileRef = 14B422C7266297E600199B6E /* SceneDelegate.swift */; };
		14B422CA266297E600199B6E /* FormViewController.swift in Sources */ = {isa = PBXBuildFile; fileRef = 14B422C9266297E600199B6E /* FormViewController.swift */; };
		14B422CD266297E600199B6E /* Main.storyboard in Resources */ = {isa = PBXBuildFile; fileRef = 14B422CB266297E600199B6E /* Main.storyboard */; };
		14B422D0266297E600199B6E /* Agendao_iOS.xcdatamodeld in Sources */ = {isa = PBXBuildFile; fileRef = 14B422CE266297E600199B6E /* Agendao_iOS.xcdatamodeld */; };
		14B422D2266297EA00199B6E /* Assets.xcassets in Resources */ = {isa = PBXBuildFile; fileRef = 14B422D1266297EA00199B6E /* Assets.xcassets */; };
		14B422D5266297EA00199B6E /* LaunchScreen.storyboard in Resources */ = {isa = PBXBuildFile; fileRef = 14B422D3266297EA00199B6E /* LaunchScreen.storyboard */; };
		14B422E026629ABC00199B6E /* PessoaDAO.swift in Sources */ = {isa = PBXBuildFile; fileRef = 14B422DF26629ABC00199B6E /* PessoaDAO.swift */; };
		14B422E226629C2800199B6E /* ListarTableViewController.swift in Sources */ = {isa = PBXBuildFile; fileRef = 14B422E126629C2800199B6E /* ListarTableViewController.swift */; };
/* End PBXBuildFile section */

/* Begin PBXFileReference section */
		14B422C2266297E600199B6E /* Agendao-iOS.app */ = {isa = PBXFileReference; explicitFileType = wrapper.application; includeInIndex = 0; path = "Agendao-iOS.app"; sourceTree = BUILT_PRODUCTS_DIR; };
		14B422C5266297E600199B6E /* AppDelegate.swift */ = {isa = PBXFileReference; lastKnownFileType = sourcecode.swift; path = AppDelegate.swift; sourceTree = "<group>"; };
		14B422C7266297E600199B6E /* SceneDelegate.swift */ = {isa = PBXFileReference; lastKnownFileType = sourcecode.swift; path = SceneDelegate.swift; sourceTree = "<group>"; };
		14B422C9266297E600199B6E /* FormViewController.swift */ = {isa = PBXFileReference; lastKnownFileType = sourcecode.swift; path = FormViewController.swift; sourceTree = "<group>"; };
		14B422CC266297E600199B6E /* Base */ = {isa = PBXFileReference; lastKnownFileType = file.storyboard; name = Base; path = Base.lproj/Main.storyboard; sourceTree = "<group>"; };
		14B422CF266297E600199B6E /* Agendao_iOS.xcdatamodel */ = {isa = PBXFileReference; lastKnownFileType = wrapper.xcdatamodel; path = Agendao_iOS.xcdatamodel; sourceTree = "<group>"; };
		14B422D1266297EA00199B6E /* Assets.xcassets */ = {isa = PBXFileReference; lastKnownFileType = folder.assetcatalog; path = Assets.xcassets; sourceTree = "<group>"; };
		14B422D4266297EA00199B6E /* Base */ = {isa = PBXFileReference; lastKnownFileType = file.storyboard; name = Base; path = Base.lproj/LaunchScreen.storyboard; sourceTree = "<group>"; };
		14B422D6266297EA00199B6E /* Info.plist */ = {isa = PBXFileReference; lastKnownFileType = text.plist.xml; path = Info.plist; sourceTree = "<group>"; };
		14B422DF26629ABC00199B6E /* PessoaDAO.swift */ = {isa = PBXFileReference; lastKnownFileType = sourcecode.swift; path = PessoaDAO.swift; sourceTree = "<group>"; };
		14B422E126629C2800199B6E /* ListarTableViewController.swift */ = {isa = PBXFileReference; lastKnownFileType = sourcecode.swift; path = ListarTableViewController.swift; sourceTree = "<group>"; };
/* End PBXFileReference section */

/* Begin PBXFrameworksBuildPhase section */
		14B422BF266297E600199B6E /* Frameworks */ = {
			isa = PBXFrameworksBuildPhase;
			buildActionMask = 2147483647;
			files = (
			);
			runOnlyForDeploymentPostprocessing = 0;
		};
/* End PBXFrameworksBuildPhase section */

/* Begin PBXGroup section */
		14B422B9266297E600199B6E = {
			isa = PBXGroup;
			children = (
				14B422C4266297E600199B6E /* Agendao-iOS */,
				14B422C3266297E600199B6E /* Products */,
			);
			sourceTree = "<group>";
		};
		14B422C3266297E600199B6E /* Products */ = {
			isa = PBXGroup;
			children = (
				14B422C2266297E600199B6E /* Agendao-iOS.app */,
			);
			name = Products;
			sourceTree = "<group>";
		};
		14B422C4266297E600199B6E /* Agendao-iOS */ = {
			isa = PBXGroup;
			children = (
				14B422DE2662987A00199B6E /* view */,
				14B422DD2662985600199B6E /* controller */,
				14B422DC2662984600199B6E /* model */,
				14B422C5266297E600199B6E /* AppDelegate.swift */,
				14B422C7266297E600199B6E /* SceneDelegate.swift */,
				14B422D1266297EA00199B6E /* Assets.xcassets */,
				14B422D6266297EA00199B6E /* Info.plist */,
			);
			path = "Agendao-iOS";
			sourceTree = "<group>";
		};
		14B422DC2662984600199B6E /* model */ = {
			isa = PBXGroup;
			children = (
				14B422CE266297E600199B6E /* Agendao_iOS.xcdatamodeld */,
				14B422DF26629ABC00199B6E /* PessoaDAO.swift */,
			);
			path = model;
			sourceTree = "<group>";
		};
		14B422DD2662985600199B6E /* controller */ = {
			isa = PBXGroup;
			children = (
				14B422C9266297E600199B6E /* FormViewController.swift */,
				14B422E126629C2800199B6E /* ListarTableViewController.swift */,
			);
			path = controller;
			sourceTree = "<group>";
		};
		14B422DE2662987A00199B6E /* view */ = {
			isa = PBXGroup;
			children = (
				14B422D3266297EA00199B6E /* LaunchScreen.storyboard */,
				14B422CB266297E600199B6E /* Main.storyboard */,
			);
			path = view;
			sourceTree = "<group>";
		};
/* End PBXGroup section */

/* Begin PBXNativeTarget section */
		14B422C1266297E600199B6E /* Agendao-iOS */ = {
			isa = PBXNativeTarget;
			buildConfigurationList = 14B422D9266297EA00199B6E /* Build configuration list for PBXNativeTarget "Agendao-iOS" */;
			buildPhases = (
				14B422BE266297E600199B6E /* Sources */,
				14B422BF266297E600199B6E /* Frameworks */,
				14B422C0266297E600199B6E /* Resources */,
			);
			buildRules = (
			);
			dependencies = (
			);
			name = "Agendao-iOS";
			productName = "Agendao-iOS";
			productReference = 14B422C2266297E600199B6E /* Agendao-iOS.app */;
			productType = "com.apple.product-type.application";
		};
/* End PBXNativeTarget section */

/* Begin PBXProject section */
		14B422BA266297E600199B6E /* Project object */ = {
			isa = PBXProject;
			attributes = {
				LastSwiftUpdateCheck = 1130;
				LastUpgradeCheck = 1130;
				ORGANIZATIONNAME = IFPB;
				TargetAttributes = {
					14B422C1266297E600199B6E = {
						CreatedOnToolsVersion = 11.3.1;
					};
				};
			};
			buildConfigurationList = 14B422BD266297E600199B6E /* Build configuration list for PBXProject "Agendao-iOS" */;
			compatibilityVersion = "Xcode 9.3";
			developmentRegion = en;
			hasScannedForEncodings = 0;
			knownRegions = (
				en,
				Base,
			);
			mainGroup = 14B422B9266297E600199B6E;
			productRefGroup = 14B422C3266297E600199B6E /* Products */;
			projectDirPath = "";
			projectRoot = "";
			targets = (
				14B422C1266297E600199B6E /* Agendao-iOS */,
			);
		};
/* End PBXProject section */

/* Begin PBXResourcesBuildPhase section */
		14B422C0266297E600199B6E /* Resources */ = {
			isa = PBXResourcesBuildPhase;
			buildActionMask = 2147483647;
			files = (
				14B422D5266297EA00199B6E /* LaunchScreen.storyboard in Resources */,
				14B422D2266297EA00199B6E /* Assets.xcassets in Resources */,
				14B422CD266297E600199B6E /* Main.storyboard in Resources */,
			);
			runOnlyForDeploymentPostprocessing = 0;
		};
/* End PBXResourcesBuildPhase section */

/* Begin PBXSourcesBuildPhase section */
		14B422BE266297E600199B6E /* Sources */ = {
			isa = PBXSourcesBuildPhase;
			buildActionMask = 2147483647;
			files = (
				14B422E026629ABC00199B6E /* PessoaDAO.swift in Sources */,
				14B422CA266297E600199B6E /* FormViewController.swift in Sources */,
				14B422E226629C2800199B6E /* ListarTableViewController.swift in Sources */,
				14B422D0266297E600199B6E /* Agendao_iOS.xcdatamodeld in Sources */,
				14B422C6266297E600199B6E /* AppDelegate.swift in Sources */,
				14B422C8266297E600199B6E /* SceneDelegate.swift in Sources */,
			);
			runOnlyForDeploymentPostprocessing = 0;
		};
/* End PBXSourcesBuildPhase section */

/* Begin PBXVariantGroup section */
		14B422CB266297E600199B6E /* Main.storyboard */ = {
			isa = PBXVariantGroup;
			children = (
				14B422CC266297E600199B6E /* Base */,
			);
			name = Main.storyboard;
			sourceTree = "<group>";
		};
		14B422D3266297EA00199B6E /* LaunchScreen.storyboard */ = {
			isa = PBXVariantGroup;
			children = (
				14B422D4266297EA00199B6E /* Base */,
			);
			name = LaunchScreen.storyboard;
			sourceTree = "<group>";
		};
/* End PBXVariantGroup section */

/* Begin XCBuildConfiguration section */
		14B422D7266297EA00199B6E /* Debug */ = {
			isa = XCBuildConfiguration;
			buildSettings = {
				ALWAYS_SEARCH_USER_PATHS = NO;
				CLANG_ANALYZER_NONNULL = YES;
				CLANG_ANALYZER_NUMBER_OBJECT_CONVERSION = YES_AGGRESSIVE;
				CLANG_CXX_LANGUAGE_STANDARD = "gnu++14";
				CLANG_CXX_LIBRARY = "libc++";
				CLANG_ENABLE_MODULES = YES;
				CLANG_ENABLE_OBJC_ARC = YES;
				CLANG_ENABLE_OBJC_WEAK = YES;
				CLANG_WARN_BLOCK_CAPTURE_AUTORELEASING = YES;
				CLANG_WARN_BOOL_CONVERSION = YES;
				CLANG_WARN_COMMA = YES;
				CLANG_WARN_CONSTANT_CONVERSION = YES;
				CLANG_WARN_DEPRECATED_OBJC_IMPLEMENTATIONS = YES;
				CLANG_WARN_DIRECT_OBJC_ISA_USAGE = YES_ERROR;
				CLANG_WARN_DOCUMENTATION_COMMENTS = YES;
				CLANG_WARN_EMPTY_BODY = YES;
				CLANG_WARN_ENUM_CONVERSION = YES;
				CLANG_WARN_INFINITE_RECURSION = YES;
				CLANG_WARN_INT_CONVERSION = YES;
				CLANG_WARN_NON_LITERAL_NULL_CONVERSION = YES;
				CLANG_WARN_OBJC_IMPLICIT_RETAIN_SELF = YES;
				CLANG_WARN_OBJC_LITERAL_CONVERSION = YES;
				CLANG_WARN_OBJC_ROOT_CLASS = YES_ERROR;
				CLANG_WARN_RANGE_LOOP_ANALYSIS = YES;
				CLANG_WARN_STRICT_PROTOTYPES = YES;
				CLANG_WARN_SUSPICIOUS_MOVE = YES;
				CLANG_WARN_UNGUARDED_AVAILABILITY = YES_AGGRESSIVE;
				CLANG_WARN_UNREACHABLE_CODE = YES;
				CLANG_WARN__DUPLICATE_METHOD_MATCH = YES;
				COPY_PHASE_STRIP = NO;
				DEBUG_INFORMATION_FORMAT = dwarf;
				ENABLE_STRICT_OBJC_MSGSEND = YES;
				ENABLE_TESTABILITY = YES;
				GCC_C_LANGUAGE_STANDARD = gnu11;
				GCC_DYNAMIC_NO_PIC = NO;
				GCC_NO_COMMON_BLOCKS = YES;
				GCC_OPTIMIZATION_LEVEL = 0;
				GCC_PREPROCESSOR_DEFINITIONS = (
					"DEBUG=1",
					"$(inherited)",
				);
				GCC_WARN_64_TO_32_BIT_CONVERSION = YES;
				GCC_WARN_ABOUT_RETURN_TYPE = YES_ERROR;
				GCC_WARN_UNDECLARED_SELECTOR = YES;
				GCC_WARN_UNINITIALIZED_AUTOS = YES_AGGRESSIVE;
				GCC_WARN_UNUSED_FUNCTION = YES;
				GCC_WARN_UNUSED_VARIABLE = YES;
				IPHONEOS_DEPLOYMENT_TARGET = 13.2;
				MTL_ENABLE_DEBUG_INFO = INCLUDE_SOURCE;
				MTL_FAST_MATH = YES;
				ONLY_ACTIVE_ARCH = YES;
				SDKROOT = iphoneos;
				SWIFT_ACTIVE_COMPILATION_CONDITIONS = DEBUG;
				SWIFT_OPTIMIZATION_LEVEL = "-Onone";
			};
			name = Debug;
		};
		14B422D8266297EA00199B6E /* Release */ = {
			isa = XCBuildConfiguration;
			buildSettings = {
				ALWAYS_SEARCH_USER_PATHS = NO;
				CLANG_ANALYZER_NONNULL = YES;
				CLANG_ANALYZER_NUMBER_OBJECT_CONVERSION = YES_AGGRESSIVE;
				CLANG_CXX_LANGUAGE_STANDARD = "gnu++14";
				CLANG_CXX_LIBRARY = "libc++";
				CLANG_ENABLE_MODULES = YES;
				CLANG_ENABLE_OBJC_ARC = YES;
				CLANG_ENABLE_OBJC_WEAK = YES;
				CLANG_WARN_BLOCK_CAPTURE_AUTORELEASING = YES;
				CLANG_WARN_BOOL_CONVERSION = YES;
				CLANG_WARN_COMMA = YES;
				CLANG_WARN_CONSTANT_CONVERSION = YES;
				CLANG_WARN_DEPRECATED_OBJC_IMPLEMENTATIONS = YES;
				CLANG_WARN_DIRECT_OBJC_ISA_USAGE = YES_ERROR;
				CLANG_WARN_DOCUMENTATION_COMMENTS = YES;
				CLANG_WARN_EMPTY_BODY = YES;
				CLANG_WARN_ENUM_CONVERSION = YES;
				CLANG_WARN_INFINITE_RECURSION = YES;
				CLANG_WARN_INT_CONVERSION = YES;
				CLANG_WARN_NON_LITERAL_NULL_CONVERSION = YES;
				CLANG_WARN_OBJC_IMPLICIT_RETAIN_SELF = YES;
				CLANG_WARN_OBJC_LITERAL_CONVERSION = YES;
				CLANG_WARN_OBJC_ROOT_CLASS = YES_ERROR;
				CLANG_WARN_RANGE_LOOP_ANALYSIS = YES;
				CLANG_WARN_STRICT_PROTOTYPES = YES;
				CLANG_WARN_SUSPICIOUS_MOVE = YES;
				CLANG_WARN_UNGUARDED_AVAILABILITY = YES_AGGRESSIVE;
				CLANG_WARN_UNREACHABLE_CODE = YES;
				CLANG_WARN__DUPLICATE_METHOD_MATCH = YES;
				COPY_PHASE_STRIP = NO;
				DEBUG_INFORMATION_FORMAT = "dwarf-with-dsym";
				ENABLE_NS_ASSERTIONS = NO;
				ENABLE_STRICT_OBJC_MSGSEND = YES;
				GCC_C_LANGUAGE_STANDARD = gnu11;
				GCC_NO_COMMON_BLOCKS = YES;
				GCC_WARN_64_TO_32_BIT_CONVERSION = YES;
				GCC_WARN_ABOUT_RETURN_TYPE = YES_ERROR;
				GCC_WARN_UNDECLARED_SELECTOR = YES;
				GCC_WARN_UNINITIALIZED_AUTOS = YES_AGGRESSIVE;
				GCC_WARN_UNUSED_FUNCTION = YES;
				GCC_WARN_UNUSED_VARIABLE = YES;
				IPHONEOS_DEPLOYMENT_TARGET = 13.2;
				MTL_ENABLE_DEBUG_INFO = NO;
				MTL_FAST_MATH = YES;
				SDKROOT = iphoneos;
				SWIFT_COMPILATION_MODE = wholemodule;
				SWIFT_OPTIMIZATION_LEVEL = "-O";
				VALIDATE_PRODUCT = YES;
			};
			name = Release;
		};
		14B422DA266297EA00199B6E /* Debug */ = {
			isa = XCBuildConfiguration;
			buildSettings = {
				ASSETCATALOG_COMPILER_APPICON_NAME = AppIcon;
				CODE_SIGN_STYLE = Automatic;
				INFOPLIST_FILE = "Agendao-iOS/Info.plist";
				LD_RUNPATH_SEARCH_PATHS = (
					"$(inherited)",
					"@executable_path/Frameworks",
				);
				PRODUCT_BUNDLE_IDENTIFIER = "com.ifpb.Agendao-iOS";
				PRODUCT_NAME = "$(TARGET_NAME)";
				SWIFT_VERSION = 5.0;
				TARGETED_DEVICE_FAMILY = "1,2";
			};
			name = Debug;
		};
		14B422DB266297EA00199B6E /* Release */ = {
			isa = XCBuildConfiguration;
			buildSettings = {
				ASSETCATALOG_COMPILER_APPICON_NAME = AppIcon;
				CODE_SIGN_STYLE = Automatic;
				INFOPLIST_FILE = "Agendao-iOS/Info.plist";
				LD_RUNPATH_SEARCH_PATHS = (
					"$(inherited)",
					"@executable_path/Frameworks",
				);
				PRODUCT_BUNDLE_IDENTIFIER = "com.ifpb.Agendao-iOS";
				PRODUCT_NAME = "$(TARGET_NAME)";
				SWIFT_VERSION = 5.0;
				TARGETED_DEVICE_FAMILY = "1,2";
			};
			name = Release;
		};
/* End XCBuildConfiguration section */

/* Begin XCConfigurationList section */
		14B422BD266297E600199B6E /* Build configuration list for PBXProject "Agendao-iOS" */ = {
			isa = XCConfigurationList;
			buildConfigurations = (
				14B422D7266297EA00199B6E /* Debug */,
				14B422D8266297EA00199B6E /* Release */,
			);
			defaultConfigurationIsVisible = 0;
			defaultConfigurationName = Release;
		};
		14B422D9266297EA00199B6E /* Build configuration list for PBXNativeTarget "Agendao-iOS" */ = {
			isa = XCConfigurationList;
			buildConfigurations = (
				14B422DA266297EA00199B6E /* Debug */,
				14B422DB266297EA00199B6E /* Release */,
			);
			defaultConfigurationIsVisible = 0;
			defaultConfigurationName = Release;
		};
/* End XCConfigurationList section */

/* Begin XCVersionGroup section */
		14B422CE266297E600199B6E /* Agendao_iOS.xcdatamodeld */ = {
			isa = XCVersionGroup;
			children = (
				14B422CF266297E600199B6E /* Agendao_iOS.xcdatamodel */,
			);
			currentVersion = 14B422CF266297E600199B6E /* Agendao_iOS.xcdatamodel */;
			path = Agendao_iOS.xcdatamodeld;
			sourceTree = "<group>";
			versionGroupType = wrapper.xcdatamodel;
		};
/* End XCVersionGroup section */
	};
	rootObject = 14B422BA266297E600199B6E /* Project object */;
}
